<?xml version="1.0" encoding="utf-8"?>
<Project ToolsVersion="4.0" xmlns="http://schemas.microsoft.com/developer/msbuild/2003">
  <ItemGroup>
    <Filter Include="Source Files">
      <UniqueIdentifier>{4FC737F1-C7A5-4376-A066-2A32D752A2FF}</UniqueIdentifier>
      <Extensions>cpp;c;cc;cxx;c++;def;odl;idl;hpj;bat;asm;asmx</Extensions>
    </Filter>
    <Filter Include="Header Files">
      <UniqueIdentifier>{93995380-89BD-4b04-88EB-625FBE52EBFB}</UniqueIdentifier>
      <Extensions>h;hh;hpp;hxx;h++;hm;inl;inc;ipp;xsd</Extensions>
    </Filter>
    <Filter Include="Resource Files">
      <UniqueIdentifier>{67DA6AB6-F800-4c08-8B7A-83BB121AAD01}</UniqueIdentifier>
      <Extensions>rc;ico;cur;bmp;dlg;rc2;rct;bin;rgs;gif;jpg;jpeg;jpe;resx;tiff;tif;png;wav;mfcribbon-ms</Extensions>
    </Filter>
    <Filter Include="Source Files\fftw">
      <UniqueIdentifier>{460fe02f-da13-4f7f-b80a-d31f11292bbc}</UniqueIdentifier>
    </Filter>
  </ItemGroup>
  <ItemGroup>
    <ClCompile Include="src\dio.cpp">
      <Filter>Source Files</Filter>
    </ClCompile>
    <ClCompile Include="src\fft.cpp">
      <Filter>Source Files</Filter>
    </ClCompile>
    <ClCompile Include="src\matlabfunctions.cpp">
      <Filter>Source Files</Filter>
    </ClCompile>
    <ClCompile Include="src\platinum.cpp">
      <Filter>Source Files</Filter>
    </ClCompile>
    <ClCompile Include="src\star.cpp">
      <Filter>Source Files</Filter>
    </ClCompile>
    <ClCompile Include="src\synthesis.cpp">
      <Filter>Source Files</Filter>
    </ClCompile>
    <ClCompile Include="src\test.cpp">
      <Filter>Source Files</Filter>
    </ClCompile>
    <ClCompile Include="src\wavread.cpp">
      <Filter>Source Files</Filter>
    </ClCompile>
  </ItemGroup>
  <ItemGroup>
    <ClInclude Include="src\fft.h">
      <Filter>Source Files</Filter>
    </ClInclude>
    <ClInclude Include="src\wavread.h">
      <Filter>Source Files</Filter>
    </ClInclude>
    <ClInclude Include="src\windows.h">
      <Filter>Source Files</Filter>
    </ClInclude>
    <ClInclude Include="src\world.h">
      <Filter>Source Files</Filter>
    </ClInclude>
    <ClInclude Include="src\fftw\fftw3.h">
      <Filter>Source Files\fftw</Filter>
    </ClInclude>
  </ItemGroup>
  <ItemGroup>
    <None Include="src\Makefile">
      <Filter>Source Files</Filter>
    </None>
    <None Include="src\fftw\bench.exe">
      <Filter>Source Files\fftw</Filter>
    </None>
    <None Include="src\fftw\benchf.exe">
      <Filter>Source Files\fftw</Filter>
    </None>
    <None Include="src\fftw\benchl.exe">
      <Filter>Source Files\fftw</Filter>
    </None>
    <None Include="src\fftw\COPYING">
      <Filter>Source Files\fftw</Filter>
    </None>
    <None Include="src\fftw\COPYRIGHT">
      <Filter>Source Files\fftw</Filter>
    </None>
    <None Include="src\fftw\fftw3.f">
      <Filter>Source Files\fftw</Filter>
    </None>
    <None Include="src\fftw\fftw3.f03">
      <Filter>Source Files\fftw</Filter>
    </None>
    <None Include="src\fftw\fftw3l.f03">
      <Filter>Source Files\fftw</Filter>
    </None>
    <None Include="src\fftw\fftw3q.f03">
      <Filter>Source Files\fftw</Filter>
    </None>
    <None Include="src\fftw\fftwf-wisdom.exe">
      <Filter>Source Files\fftw</Filter>
    </None>
    <None Include="src\fftw\fftwl-wisdom.exe">
      <Filter>Source Files\fftw</Filter>
    </None>
    <None Include="src\fftw\fftw-wisdom.exe">
      <Filter>Source Files\fftw</Filter>
    </None>
    <None Include="src\fftw\libfftw3-3.def">
      <Filter>Source Files\fftw</Filter>
    </None>
    <None Include="src\fftw\libfftw3-3.dll">
      <Filter>Source Files\fftw</Filter>
    </None>
    <None Include="src\fftw\libfftw3-3.exp">
      <Filter>Source Files\fftw</Filter>
    </None>
    <None Include="src\fftw\libfftw3f-3.def">
      <Filter>Source Files\fftw</Filter>
    </None>
    <None Include="src\fftw\libfftw3f-3.dll">
      <Filter>Source Files\fftw</Filter>
    </None>
    <None Include="src\fftw\libfftw3f-3.exp">
      <Filter>Source Files\fftw</Filter>
    </None>
    <None Include="src\fftw\libfftw3l-3.def">
      <Filter>Source Files\fftw</Filter>
    </None>
    <None Include="src\fftw\libfftw3l-3.dll">
      <Filter>Source Files\fftw</Filter>
    </None>
    <None Include="src\fftw\libfftw3l-3.exp">
      <Filter>Source Files\fftw</Filter>
    </None>
    <None Include="src\fftw\NEWS">
      <Filter>Source Files\fftw</Filter>
    </None>
    <None Include="src\fftw\README">
      <Filter>Source Files\fftw</Filter>
    </None>
    <None Include="src\fftw\README-bench">
      <Filter>Source Files\fftw</Filter>
    </None>
    <None Include="src\fftw\README-WINDOWS">
      <Filter>Source Files\fftw</Filter>
    </None>
  </ItemGroup>
  <ItemGroup>
    <Library Include="src\fftw\libfftw3-3.lib">
      <Filter>Source Files\fftw</Filter>
    </Library>
    <Library Include="src\fftw\libfftw3f-3.lib">
      <Filter>Source Files\fftw</Filter>
    </Library>
    <Library Include="src\fftw\libfftw3l-3.lib">
      <Filter>Source Files\fftw</Filter>
    </Library>
  </ItemGroup>
</Project>